{
    "_meta": {
        "hash": {
            "sha256": "716a943dd43bb4ad7f63679ebcbe0365ee8f9ab8ea1973fc28e0ad87674254a0"
        },
        "pipfile-spec": 6,
        "requires": {
            "python_version": "3.9"
        },
        "sources": [
            {
                "name": "pypi",
                "url": "https://pypi.org/simple",
                "verify_ssl": true
            }
        ]
    },
    "default": {
        "attrs": {
            "hashes": [
                "sha256:149e90d6d8ac20db7a955ad60cf0e6881a3f20d37096140088356da6c716b0b1",
                "sha256:ef6aaac3ca6cd92904cdd0d83f629a15f18053ec84e6432106f7a4d04ae4f5fb"
            ],
            "markers": "python_version >= '2.7' and python_version not in '3.0, 3.1, 3.2, 3.3, 3.4'",
            "version": "==21.2.0"
        },
        "certifi": {
            "hashes": [
                "sha256:2bbf76fd432960138b3ef6dda3dde0544f27cbf8546c458e60baf371917ba9ee",
                "sha256:50b1e4f8446b06f41be7dd6338db18e0990601dce795c2b1686458aa7e8fa7d8"
            ],
            "version": "==2021.5.30"
        },
        "click": {
            "hashes": [
                "sha256:8c04c11192119b1ef78ea049e0a6f0463e4c48ef00a30160c704337586f3ad7a",
                "sha256:fba402a4a47334742d782209a7c79bc448911afe1149d07bdabdf480b3e2f4b6"
            ],
            "markers": "python_version >= '3.6'",
            "version": "==8.0.1"
        },
        "click-plugins": {
            "hashes": [
                "sha256:46ab999744a9d831159c3411bb0c79346d94a444df9a3a3742e9ed63645f264b",
                "sha256:5d262006d3222f5057fd81e1623d4443e41dcda5dc815c06b442aa3c02889fc8"
            ],
            "version": "==1.1.1"
        },
        "cligj": {
            "hashes": [
                "sha256:a4bc13d623356b373c2c27c53dbd9c68cae5d526270bfa71f6c6fa69669c6b27",
                "sha256:c1ca117dbce1fe20a5809dc96f01e1c2840f6dcc939b3ddbb1111bf330ba82df"
            ],
            "markers": "python_version >= '2.7' and python_version not in '3.0, 3.1, 3.2' and python_version < '4'",
            "version": "==0.7.2"
        },
        "elasticsearch": {
            "hashes": [
                "sha256:084979d21cc2955903ecc215bb40b8180207b2bcb5e52ec0ec7dd6f60affd01e",
                "sha256:f3ab1454e646170bbc6796b8707e4bff125234391d2acc022221e1c0313becb4"
            ],
            "markers": "python_version >= '2.7' and python_version not in '3.0, 3.1, 3.2, 3.3' and python_version < '4'",
            "version": "==7.14.0"
        },
        "elasticsearch-opentracing": {
            "hashes": [
                "sha256:f6cd985588c95e8e54c23587d19ece79f0ad0eeba6df185bfb3a8c6a6808a49c"
            ],
            "index": "pypi",
            "version": "==0.1.4"
        },
        "fiona": {
            "hashes": [
                "sha256:02880556540e36ad6aac97687799d9b3093c354787a47bc0e73026c7fc15f1b3",
                "sha256:03f910380dbe684730b59b817aa030e6e9a3ee79211b66c6db2d1c8fe6ea12de",
                "sha256:328340a448bed5c43d119f61f760368a04d13a302c59d2fccb051a3ff021f4b8",
                "sha256:3f668c471fa2f8c9c0a9ca83639cb2c8dcc93edc3d93d43dba2f9e8da38ad53e",
                "sha256:54f81039e913d0f88728ef23edf5a69038dec94dea54f4c799f972ba8e2a7d40",
                "sha256:5e1cef608c6de9039eaa65b395024096e3189ab0559a5a328c68c4690c3302ce",
                "sha256:a70502d2857b82f749c09cb0dea3726787747933a2a1599b5ab787d74e3c143b",
                "sha256:bef100ebd82afb9a4d67096216e82611b82ca9341330e4805832d7ff8c9bc1f7",
                "sha256:e72e4a5b84ec410be531d4fe4c1a5c87c6c0e92d01116c145c0f1b33f81c8080"
            ],
            "index": "pypi",
            "version": "==1.8.20"
        },
        "futures": {
            "hashes": [
                "sha256:3a44f286998ae64f0cc083682fcfec16c406134a81a589a5de445d7bb7c2751b",
                "sha256:51ecb45f0add83c806c68e4b06106f90db260585b25ef2abfcda0bd95c0132fd",
                "sha256:c4884a65654a7c45435063e14ae85280eb1f111d94e542396717ba9828c4337f"
            ],
            "version": "==3.1.1"
        },
        "geopandas": {
            "hashes": [
                "sha256:63972ab4dc44c4029f340600dcb83264eb8132dd22b104da0b654bef7f42630a",
                "sha256:79f6e557ba0dba76eec44f8351b1c6b42a17c38f5f08fef347e98fe4dae563c7"
            ],
            "index": "pypi",
            "version": "==0.9.0"
        },
        "munch": {
            "hashes": [
                "sha256:2d735f6f24d4dba3417fa448cae40c6e896ec1fdab6cdb5e6510999758a4dbd2",
                "sha256:6f44af89a2ce4ed04ff8de41f70b226b984db10a91dcc7b9ac2efc1c77022fdd"
            ],
            "version": "==2.5.0"
        },
        "neobase": {
            "hashes": [
                "sha256:861df2b15fc586dc83c4ee36a789b90c0a302da812f58b22f2bda542b60c1c04",
                "sha256:b8975a515708f2dfaa4069f309bcabe988605f2321fcf2bf360257c346a6ee75"
            ],
            "index": "pypi",
            "version": "==0.23"
        },
        "networkx": {
            "hashes": [
                "sha256:2306f1950ce772c5a59a57f5486d59bb9cab98497c45fc49cbc45ac0dec119bb",
                "sha256:5fcb7004be69e8fbdf07dcb502efa5c77cadcaad6982164134eeb9721f826c2e"
            ],
            "index": "pypi",
            "version": "==2.6.2"
        },
        "numpy": {
            "hashes": [
                "sha256:01721eefe70544d548425a07c80be8377096a54118070b8a62476866d5208e33",
                "sha256:0318c465786c1f63ac05d7c4dbcecd4d2d7e13f0959b01b534ea1e92202235c5",
                "sha256:05a0f648eb28bae4bcb204e6fd14603de2908de982e761a2fc78efe0f19e96e1",
                "sha256:1412aa0aec3e00bc23fbb8664d76552b4efde98fb71f60737c83efbac24112f1",
                "sha256:25b40b98ebdd272bc3020935427a4530b7d60dfbe1ab9381a39147834e985eac",
                "sha256:2d4d1de6e6fb3d28781c73fbde702ac97f03d79e4ffd6598b880b2d95d62ead4",
                "sha256:38e8648f9449a549a7dfe8d8755a5979b45b3538520d1e735637ef28e8c2dc50",
                "sha256:4a3d5fb89bfe21be2ef47c0614b9c9c707b7362386c9a3ff1feae63e0267ccb6",
                "sha256:635e6bd31c9fb3d475c8f44a089569070d10a9ef18ed13738b03049280281267",
                "sha256:73101b2a1fef16602696d133db402a7e7586654682244344b8329cdcbbb82172",
                "sha256:791492091744b0fe390a6ce85cc1bf5149968ac7d5f0477288f78c89b385d9af",
                "sha256:7a708a79c9a9d26904d1cca8d383bf869edf6f8e7650d85dbc77b041e8c5a0f8",
                "sha256:88c0b89ad1cc24a5efbb99ff9ab5db0f9a86e9cc50240177a571fbe9c2860ac2",
                "sha256:8a326af80e86d0e9ce92bcc1e65c8ff88297de4fa14ee936cb2293d414c9ec63",
                "sha256:8a92c5aea763d14ba9d6475803fc7904bda7decc2a0a68153f587ad82941fec1",
                "sha256:91c6f5fc58df1e0a3cc0c3a717bb3308ff850abdaa6d2d802573ee2b11f674a8",
                "sha256:95b995d0c413f5d0428b3f880e8fe1660ff9396dcd1f9eedbc311f37b5652e16",
                "sha256:9749a40a5b22333467f02fe11edc98f022133ee1bfa8ab99bda5e5437b831214",
                "sha256:978010b68e17150db8765355d1ccdd450f9fc916824e8c4e35ee620590e234cd",
                "sha256:9a513bd9c1551894ee3d31369f9b07460ef223694098cf27d399513415855b68",
                "sha256:a75b4498b1e93d8b700282dc8e655b8bd559c0904b3910b144646dbbbc03e062",
                "sha256:c6a2324085dd52f96498419ba95b5777e40b6bcbc20088fddb9e8cbb58885e8e",
                "sha256:d7a4aeac3b94af92a9373d6e77b37691b86411f9745190d2c351f410ab3a791f",
                "sha256:d9e7912a56108aba9b31df688a4c4f5cb0d9d3787386b87d504762b6754fbb1b",
                "sha256:dff4af63638afcc57a3dfb9e4b26d434a7a602d225b42d746ea7fe2edf1342fd",
                "sha256:e46ceaff65609b5399163de5893d8f2a82d3c77d5e56d976c8b5fb01faa6b671",
                "sha256:f01f28075a92eede918b965e86e8f0ba7b7797a95aa8d35e1cc8821f5fc3ad6a",
                "sha256:fd7d7409fa643a91d0a05c7554dd68aa9c9bb16e186f6ccfe40d6e003156e33a"
            ],
            "index": "pypi",
            "version": "==1.21.1"
        },
        "opentracing": {
            "hashes": [
                "sha256:898a6958f7696815bd77597861eb0c554261a10cd7a867b15e3f846564ecc8b0"
            ],
            "version": "==1.1.0"
        },
        "pandas": {
            "hashes": [
                "sha256:0c976e023ed580e60a82ccebdca8e1cc24d8b1fbb28175eb6521025c127dab66",
                "sha256:114c6789d15862508900a25cb4cb51820bfdd8595ea306bab3b53cd19f990b65",
                "sha256:1ee8418d0f936ff2216513aa03e199657eceb67690995d427a4a7ecd2e68f442",
                "sha256:22f3fcc129fb482ef44e7df2a594f0bd514ac45aabe50da1a10709de1b0f9d84",
                "sha256:23c7452771501254d2ae23e9e9dac88417de7e6eff3ce64ee494bb94dc88c300",
                "sha256:341935a594db24f3ff07d1b34d1d231786aa9adfa84b76eab10bf42907c8aed3",
                "sha256:45656cd59ae9745a1a21271a62001df58342b59c66d50754390066db500a8362",
                "sha256:527c43311894aff131dea99cf418cd723bfd4f0bcf3c3da460f3b57e52a64da5",
                "sha256:5c09a2538f0fddf3895070579082089ff4ae52b6cb176d8ec7a4dacf7e3676c1",
                "sha256:5d9acfca191140a518779d1095036d842d5e5bc8e8ad8b5eaad1aff90fe1870d",
                "sha256:5ee927c70794e875a59796fab8047098aa59787b1be680717c141cd7873818ae",
                "sha256:7150039e78a81eddd9f5a05363a11cadf90a4968aac6f086fd83e66cf1c8d1d6",
                "sha256:905fc3e0fcd86b0a9f1f97abee7d36894698d2592b22b859f08ea5a8fe3d3aab",
                "sha256:9d06661c6eb741ae633ee1c57e8c432bb4203024e263fe1a077fa3fda7817fdb",
                "sha256:9e1fe6722cbe27eb5891c1977bca62d456c19935352eea64d33956db46139364",
                "sha256:be12d77f7e03c40a2466ed00ccd1a5f20a574d3c622fe1516037faa31aa448aa",
                "sha256:c28760932283d2c9f6fa5e53d2f77a514163b9e67fd0ee0879081be612567195",
                "sha256:e323028ab192fcfe1e8999c012a0fa96d066453bb354c7e7a4a267b25e73d3c8",
                "sha256:fdb3b33dde260b1766ea4d3c6b8fbf6799cee18d50a2a8bc534cf3550b7c819a"
            ],
            "markers": "python_full_version >= '3.7.1'",
            "version": "==1.3.1"
        },
        "pyproj": {
            "hashes": [
                "sha256:04c185102e659439c5bd428ac5473d36ef795fca8e225bbbe78e20643d804ec0",
                "sha256:10dad599b9f7ce2194996dc25f1000e0aa15754ecef9db46b624713959c67957",
                "sha256:1e88ebc4e08e661e9011b5c1ebfb32f0d311963a9824a6effb4168c7e07918b1",
                "sha256:4f3ad09cf3352bf5664794042b28d98781362ec8d9774ad73f28a1a0101a27f1",
                "sha256:5f8a8d982bde211e65dc2de1f8f36cf162f9cc7fcd8a7625046ea265284e5e65",
                "sha256:67b94f4e694ae33fc90dfb7da0e6b5ed5f671dd0acc2f6cf46e9c39d56e16e1a",
                "sha256:808f5992320e9631b2e45444028a65cd6ba3ee40229292934178ef07020a5ffd",
                "sha256:8eda240225971b5cd0bac2d399ed6222068f0598ee92d5f6e847bd2019d2c8b0",
                "sha256:911d773da9fa4d4f3f7580173858c391e3ee0b61acaf0be303baab323d2eae78",
                "sha256:9cc464a1c51baad28ffb7a233116e8d4ce4c560b32039fa986d0f992ac3c431f",
                "sha256:a162ed199cd2ec392cffe20b2fa3381b68e7a166d55f3f060eceb8d517e4f46d",
                "sha256:aa87df0982aa0f4477478899d9c930cc0f97cd6d8a4ce84c43ac88ccf86d1da7",
                "sha256:ae237492767e0225f99b53a0fd7110fde2b7e7cabc105bbc243c151a7497de88",
                "sha256:ae5534fa7a3b74f20534694d297fce6f7483890ff6ca404394ecf372f3c589d4",
                "sha256:b635e7e21fea5af74e90fc9e54d1a4c27078efdce6f214101c98dd93afae599a",
                "sha256:b6c74bbec679199746a3e02c0e0fad093c3652df96dd63e086a2fbf2afe9dc0e",
                "sha256:c4193e1069d165476b2d0f7d882b7712b3eab6e2e6fe2a0a78ef40de825a1f28",
                "sha256:da88abc5e2f6a8fb07533855a57ca2a31845f58901a87f821b68b0db6b023978",
                "sha256:ebbba7707fe83a01e54bce8e3e7342feb0b3e0d74ff8c28df12f8bc59b76827c"
            ],
            "markers": "python_version >= '3.7'",
            "version": "==3.1.0"
        },
        "python-dateutil": {
            "hashes": [
                "sha256:0123cacc1627ae19ddf3c27a5de5bd67ee4586fbdd6440d9748f8abb483d3e86",
                "sha256:961d03dc3453ebbc59dbdea9e4e11c5651520a876d0f4db161e8674aae935da9"
            ],
            "markers": "python_version >= '2.7' and python_version not in '3.0, 3.1, 3.2'",
            "version": "==2.8.2"
        },
        "pytz": {
            "hashes": [
                "sha256:83a4a90894bf38e243cf052c8b58f381bfe9a7a483f6a9cab140bc7f702ac4da",
                "sha256:eb10ce3e7736052ed3623d49975ce333bcd712c7bb19a58b9e2089d4057d0798"
            ],
            "version": "==2021.1"
        },
        "shapely": {
            "hashes": [
                "sha256:052eb5b9ba756808a7825e8a8020fb146ec489dd5c919e7d139014775411e688",
                "sha256:1641724c1055459a7e2b8bbe47ba25bdc89554582e62aec23cb3f3ca25f9b129",
                "sha256:17df66e87d0fe0193910aeaa938c99f0b04f67b430edb8adae01e7be557b141b",
                "sha256:182716ffb500d114b5d1b75d7fd9d14b7d3414cef3c38c0490534cc9ce20981a",
                "sha256:2df5260d0f2983309776cb41bfa85c464ec07018d88c0ecfca23d40bfadae2f1",
                "sha256:35be1c5d869966569d3dfd4ec31832d7c780e9df760e1fe52131105685941891",
                "sha256:46da0ea527da9cf9503e66c18bab6981c5556859e518fe71578b47126e54ca93",
                "sha256:4c10f317e379cc404f8fc510cd9982d5d3e7ba13a9cfd39aa251d894c6366798",
                "sha256:4f3c59f6dbf86a9fc293546de492f5e07344e045f9333f3a753f2dda903c45d1",
                "sha256:60e5b2282619249dbe8dc5266d781cc7d7fb1b27fa49f8241f2167672ad26719",
                "sha256:617bf046a6861d7c6b44d2d9cb9e2311548638e684c2cd071d8945f24a926263",
                "sha256:6593026cd3f5daaea12bcc51ae5c979318070fefee210e7990cb8ac2364e79a1",
                "sha256:6871acba8fbe744efa4f9f34e726d070bfbf9bffb356a8f6d64557846324232b",
                "sha256:791477edb422692e7dc351c5ed6530eb0e949a31b45569946619a0d9cd5f53cb",
                "sha256:8e7659dd994792a0aad8fb80439f59055a21163e236faf2f9823beb63a380e19",
                "sha256:8f15b6ce67dcc05b61f19c689b60f3fe58550ba994290ff8332f711f5aaa9840",
                "sha256:90a3e2ae0d6d7d50ff2370ba168fbd416a53e7d8448410758c5d6a5920646c1d",
                "sha256:a3774516c8a83abfd1ddffb8b6ec1b0935d7fe6ea0ff5c31a18bfdae567b4eba",
                "sha256:a5c3a50d823c192f32615a2a6920e8c046b09e07a58eba220407335a9cd2e8ea",
                "sha256:b40cc7bb089ae4aa9ddba1db900b4cd1bce3925d2a4b5837b639e49de054784f",
                "sha256:da38ed3d65b8091447dc3717e5218cc336d20303b77b0634b261bc5c1aa2bae8",
                "sha256:de618e67b64a51a0768d26a9963ecd7d338a2cf6e9e7582d2385f88ad005b3d1",
                "sha256:e3afccf0437edc108eef1e2bb9cc4c7073e7705924eb4cd0bf7715cd1ef0ce1b"
            ],
            "index": "pypi",
            "version": "==1.7.1"
        },
        "six": {
            "hashes": [
                "sha256:1e61c37477a1626458e36f7b1d82aa5c9b094fa4802892072e49de9c60c4c926",
                "sha256:8abb2f1d86890a2dfb989f9a77cfcfd3e47c2a354b01111771326f8aa26e0254"
            ],
            "markers": "python_version >= '2.7' and python_version not in '3.0, 3.1, 3.2'",
            "version": "==1.16.0"
        },
        "urllib3": {
            "hashes": [
                "sha256:39fb8672126159acb139a7718dd10806104dec1e2f0f6c88aab05d17df10c8d4",
                "sha256:f57b4c16c62fa2760b7e3d97c35b255512fb6b59a259730f36ba32ce9f8e342f"
            ],
            "markers": "python_version >= '2.7' and python_version not in '3.0, 3.1, 3.2, 3.3, 3.4' and python_version < '4'",
            "version": "==1.26.6"
        }
    },
    "develop": {}
}
